Microsoft Visual Studio Solution File, Format Version 12.00
# Visual Studio Version 17
VisualStudioVersion = 17.0.31903.59
MinimumVisualStudioVersion = 10.0.40219.1
Project("{2150E333-8FDC-42A3-9474-1A3956D46DE8}") = "src", "src", "{827E0CD3-B72D-47B6-A68D-7590B98EB39B}"
EndProject
Project("{FAE04EC0-301F-11D3-BF4B-00C04F79EFBC}") = "TaskService.Api", "src\TaskService.Api\TaskService.Api.csproj", "{9B96DE4A-DB22-4817-9821-A2D5F1768382}"
EndProject
Project("{FAE04EC0-301F-11D3-BF4B-00C04F79EFBC}") = "TaskService.Application", "src\TaskService.Application\TaskService.Application.csproj", "{94CB75EF-6B0E-4A0A-87AA-E875F31E07A7}"
EndProject
Project("{FAE04EC0-301F-11D3-BF4B-00C04F79EFBC}") = "TaskService.Domain", "src\TaskService.Domain\TaskService.Domain.csproj", "{84F96969-8E03-4705-92B3-BEF1538F242B}"
EndProject
Project("{FAE04EC0-301F-11D3-BF4B-00C04F79EFBC}") = "TaskService.Infrastructure", "src\TaskService.Infrastructure\TaskService.Infrastructure.csproj", "{6AD369F5-5136-43DF-AF13-63452DCF9D00}"
EndProject
Project("{FAE04EC0-301F-11D3-BF4B-00C04F79EFBC}") = "TaskService.Shared", "src\TaskService.Shared\TaskService.Shared.csproj", "{08A9744F-31A8-475D-BF7F-F3B161633A81}"
EndProject
Project("{2150E333-8FDC-42A3-9474-1A3956D46DE8}") = "tests", "tests", "{0AB3BF05-4346-4AA6-1389-037BE0695223}"
EndProject
Project("{FAE04EC0-301F-11D3-BF4B-00C04F79EFBC}") = "TaskService.UnitTests", "tests\TaskService.UnitTests\TaskService.UnitTests.csproj", "{95FF3638-3700-442D-B036-A4ACE8D64860}"
EndProject
Project("{FAE04EC0-301F-11D3-BF4B-00C04F79EFBC}") = "TaskService.IntegrationTests", "tests\TaskService.IntegrationTests\TaskService.IntegrationTests.csproj", "{47C7FC61-5241-4A81-8C0E-DAF618F19C9E}"
EndProject
Global
    GlobalSection(SolutionConfigurationPlatforms) = preSolution
        Debug|Any CPU = Debug|Any CPU
        Debug|x64 = Debug|x64
        Debug|x86 = Debug|x86
        Release|Any CPU = Release|Any CPU
        Release|x64 = Release|x64
        Release|x86 = Release|x86
    EndGlobalSection
    GlobalSection(ProjectConfigurationPlatforms) = postSolution
        {9B96DE4A-DB22-4817-9821-A2D5F1768382}.Debug|Any CPU.ActiveCfg = Debug|Any CPU
        {9B96DE4A-DB22-4817-9821-A2D5F1768382}.Debug|Any CPU.Build.0 = Debug|Any CPU
        {9B96DE4A-DB22-4817-9821-A2D5F1768382}.Debug|x64.ActiveCfg = Debug|Any CPU
        {9B96DE4A-DB22-4817-9821-A2D5F1768382}.Debug|x64.Build.0 = Debug|Any CPU
        {9B96DE4A-DB22-4817-9821-A2D5F1768382}.Debug|x86.ActiveCfg = Debug|Any CPU
        {9B96DE4A-DB22-4817-9821-A2D5F1768382}.Debug|x86.Build.0 = Debug|Any CPU
        {9B96DE4A-DB22-4817-9821-A2D5F1768382}.Release|Any CPU.ActiveCfg = Release|Any CPU
        {9B96DE4A-DB22-4817-9821-A2D5F1768382}.Release|Any CPU.Build.0 = Release|Any CPU
        {9B96DE4A-DB22-4817-9821-A2D5F1768382}.Release|x64.ActiveCfg = Release|Any CPU
        {9B96DE4A-DB22-4817-9821-A2D5F1768382}.Release|x64.Build.0 = Release|Any CPU
        {9B96DE4A-DB22-4817-9821-A2D5F1768382}.Release|x86.ActiveCfg = Release|Any CPU
        {9B96DE4A-DB22-4817-9821-A2D5F1768382}.Release|x86.Build.0 = Release|Any CPU
        {94CB75EF-6B0E-4A0A-87AA-E875F31E07A7}.Debug|Any CPU.ActiveCfg = Debug|Any CPU
        {94CB75EF-6B0E-4A0A-87AA-E875F31E07A7}.Debug|Any CPU.Build.0 = Debug|Any CPU
        {94CB75EF-6B0E-4A0A-87AA-E875F31E07A7}.Debug|x64.ActiveCfg = Debug|Any CPU
        {94CB75EF-6B0E-4A0A-87AA-E875F31E07A7}.Debug|x64.Build.0 = Debug|Any CPU
        {94CB75EF-6B0E-4A0A-87AA-E875F31E07A7}.Debug|x86.ActiveCfg = Debug|Any CPU
        {94CB75EF-6B0E-4A0A-87AA-E875F31E07A7}.Debug|x86.Build.0 = Debug|Any CPU
        {94CB75EF-6B0E-4A0A-87AA-E875F31E07A7}.Release|Any CPU.ActiveCfg = Release|Any CPU
        {94CB75EF-6B0E-4A0A-87AA-E875F31E07A7}.Release|Any CPU.Build.0 = Release|Any CPU
        {94CB75EF-6B0E-4A0A-87AA-E875F31E07A7}.Release|x64.ActiveCfg = Release|Any CPU
        {94CB75EF-6B0E-4A0A-87AA-E875F31E07A7}.Release|x64.Build.0 = Release|Any CPU
        {94CB75EF-6B0E-4A0A-87AA-E875F31E07A7}.Release|x86.ActiveCfg = Release|Any CPU
        {94CB75EF-6B0E-4A0A-87AA-E875F31E07A7}.Release|x86.Build.0 = Release|Any CPU
        {84F96969-8E03-4705-92B3-BEF1538F242B}.Debug|Any CPU.ActiveCfg = Debug|Any CPU
        {84F96969-8E03-4705-92B3-BEF1538F242B}.Debug|Any CPU.Build.0 = Debug|Any CPU
        {84F96969-8E03-4705-92B3-BEF1538F242B}.Debug|x64.ActiveCfg = Debug|Any CPU
        {84F96969-8E03-4705-92B3-BEF1538F242B}.Debug|x64.Build.0 = Debug|Any CPU
        {84F96969-8E03-4705-92B3-BEF1538F242B}.Debug|x86.ActiveCfg = Debug|Any CPU
        {84F96969-8E03-4705-92B3-BEF1538F242B}.Debug|x86.Build.0 = Debug|Any CPU
        {84F96969-8E03-4705-92B3-BEF1538F242B}.Release|Any CPU.ActiveCfg = Release|Any CPU
        {84F96969-8E03-4705-92B3-BEF1538F242B}.Release|Any CPU.Build.0 = Release|Any CPU
        {84F96969-8E03-4705-92B3-BEF1538F242B}.Release|x64.ActiveCfg = Release|Any CPU
        {84F96969-8E03-4705-92B3-BEF1538F242B}.Release|x64.Build.0 = Release|Any CPU
        {84F96969-8E03-4705-92B3-BEF1538F242B}.Release|x86.ActiveCfg = Release|Any CPU
        {84F96969-8E03-4705-92B3-BEF1538F242B}.Release|x86.Build.0 = Release|Any CPU
        {6AD369F5-5136-43DF-AF13-63452DCF9D00}.Debug|Any CPU.ActiveCfg = Debug|Any CPU
        {6AD369F5-5136-43DF-AF13-63452DCF9D00}.Debug|Any CPU.Build.0 = Debug|Any CPU
        {6AD369F5-5136-43DF-AF13-63452DCF9D00}.Debug|x64.ActiveCfg = Debug|Any CPU
        {6AD369F5-5136-43DF-AF13-63452DCF9D00}.Debug|x64.Build.0 = Debug|Any CPU
        {6AD369F5-5136-43DF-AF13-63452DCF9D00}.Debug|x86.ActiveCfg = Debug|Any CPU
        {6AD369F5-5136-43DF-AF13-63452DCF9D00}.Debug|x86.Build.0 = Debug|Any CPU
        {6AD369F5-5136-43DF-AF13-63452DCF9D00}.Release|Any CPU.ActiveCfg = Release|Any CPU
        {6AD369F5-5136-43DF-AF13-63452DCF9D00}.Release|Any CPU.Build.0 = Release|Any CPU
        {6AD369F5-5136-43DF-AF13-63452DCF9D00}.Release|x64.ActiveCfg = Release|Any CPU
        {6AD369F5-5136-43DF-AF13-63452DCF9D00}.Release|x64.Build.0 = Release|Any CPU
        {6AD369F5-5136-43DF-AF13-63452DCF9D00}.Release|x86.ActiveCfg = Release|Any CPU
        {6AD369F5-5136-43DF-AF13-63452DCF9D00}.Release|x86.Build.0 = Release|Any CPU
        {08A9744F-31A8-475D-BF7F-F3B161633A81}.Debug|Any CPU.ActiveCfg = Debug|Any CPU
        {08A9744F-31A8-475D-BF7F-F3B161633A81}.Debug|Any CPU.Build.0 = Debug|Any CPU
        {08A9744F-31A8-475D-BF7F-F3B161633A81}.Debug|x64.ActiveCfg = Debug|Any CPU
        {08A9744F-31A8-475D-BF7F-F3B161633A81}.Debug|x64.Build.0 = Debug|Any CPU
        {08A9744F-31A8-475D-BF7F-F3B161633A81}.Debug|x86.ActiveCfg = Debug|Any CPU
        {08A9744F-31A8-475D-BF7F-F3B161633A81}.Debug|x86.Build.0 = Debug|Any CPU
        {08A9744F-31A8-475D-BF7F-F3B161633A81}.Release|Any CPU.ActiveCfg = Release|Any CPU
        {08A9744F-31A8-475D-BF7F-F3B161633A81}.Release|Any CPU.Build.0 = Release|Any CPU
        {08A9744F-31A8-475D-BF7F-F3B161633A81}.Release|x64.ActiveCfg = Release|Any CPU
        {08A9744F-31A8-475D-BF7F-F3B161633A81}.Release|x64.Build.0 = Release|Any CPU
        {08A9744F-31A8-475D-BF7F-F3B161633A81}.Release|x86.ActiveCfg = Release|Any CPU
        {08A9744F-31A8-475D-BF7F-F3B161633A81}.Release|x86.Build.0 = Release|Any CPU
        {95FF3638-3700-442D-B036-A4ACE8D64860}.Debug|Any CPU.ActiveCfg = Debug|Any CPU
        {95FF3638-3700-442D-B036-A4ACE8D64860}.Debug|Any CPU.Build.0 = Debug|Any CPU
        {95FF3638-3700-442D-B036-A4ACE8D64860}.Debug|x64.ActiveCfg = Debug|Any CPU
        {95FF3638-3700-442D-B036-A4ACE8D64860}.Debug|x64.Build.0 = Debug|Any CPU
        {95FF3638-3700-442D-B036-A4ACE8D64860}.Debug|x86.ActiveCfg = Debug|Any CPU
        {95FF3638-3700-442D-B036-A4ACE8D64860}.Debug|x86.Build.0 = Debug|Any CPU
        {95FF3638-3700-442D-B036-A4ACE8D64860}.Release|Any CPU.ActiveCfg = Release|Any CPU
        {95FF3638-3700-442D-B036-A4ACE8D64860}.Release|Any CPU.Build.0 = Release|Any CPU
        {95FF3638-3700-442D-B036-A4ACE8D64860}.Release|x64.ActiveCfg = Release|Any CPU
        {95FF3638-3700-442D-B036-A4ACE8D64860}.Release|x64.Build.0 = Release|Any CPU
        {95FF3638-3700-442D-B036-A4ACE8D64860}.Release|x86.ActiveCfg = Release|Any CPU
        {95FF3638-3700-442D-B036-A4ACE8D64860}.Release|x86.Build.0 = Release|Any CPU
        {47C7FC61-5241-4A81-8C0E-DAF618F19C9E}.Debug|Any CPU.ActiveCfg = Debug|Any CPU
        {47C7FC61-5241-4A81-8C0E-DAF618F19C9E}.Debug|Any CPU.Build.0 = Debug|Any CPU
        {47C7FC61-5241-4A81-8C0E-DAF618F19C9E}.Debug|x64.ActiveCfg = Debug|Any CPU
        {47C7FC61-5241-4A81-8C0E-DAF618F19C9E}.Debug|x64.Build.0 = Debug|Any CPU
        {47C7FC61-5241-4A81-8C0E-DAF618F19C9E}.Debug|x86.ActiveCfg = Debug|Any CPU
        {47C7FC61-5241-4A81-8C0E-DAF618F19C9E}.Debug|x86.Build.0 = Debug|Any CPU
        {47C7FC61-5241-4A81-8C0E-DAF618F19C9E}.Release|Any CPU.ActiveCfg = Release|Any CPU
        {47C7FC61-5241-4A81-8C0E-DAF618F19C9E}.Release|Any CPU.Build.0 = Release|Any CPU
        {47C7FC61-5241-4A81-8C0E-DAF618F19C9E}.Release|x64.ActiveCfg = Release|Any CPU
        {47C7FC61-5241-4A81-8C0E-DAF618F19C9E}.Release|x64.Build.0 = Release|Any CPU
        {47C7FC61-5241-4A81-8C0E-DAF618F19C9E}.Release|x86.ActiveCfg = Release|Any CPU
        {47C7FC61-5241-4A81-8C0E-DAF618F19C9E}.Release|x86.Build.0 = Release|Any CPU
    EndGlobalSection
    GlobalSection(SolutionProperties) = preSolution
        HideSolutionNode = FALSE
    EndGlobalSection
    GlobalSection(NestedProjects) = preSolution
        {9B96DE4A-DB22-4817-9821-A2D5F1768382} = {827E0CD3-B72D-47B6-A68D-7590B98EB39B}
        {94CB75EF-6B0E-4A0A-87AA-E875F31E07A7} = {827E0CD3-B72D-47B6-A68D-7590B98EB39B}
        {84F96969-8E03-4705-92B3-BEF1538F242B} = {827E0CD3-B72D-47B6-A68D-7590B98EB39B}
        {6AD369F5-5136-43DF-AF13-63452DCF9D00} = {827E0CD3-B72D-47B6-A68D-7590B98EB39B}
        {08A9744F-31A8-475D-BF7F-F3B161633A81} = {827E0CD3-B72D-47B6-A68D-7590B98EB39B}
        {95FF3638-3700-442D-B036-A4ACE8D64860} = {0AB3BF05-4346-4AA6-1389-037BE0695223}
        {47C7FC61-5241-4A81-8C0E-DAF618F19C9E} = {0AB3BF05-4346-4AA6-1389-037BE0695223}
    EndGlobalSection
EndGlobal

